{
  "originHash" : "ee6ebe9829c84d3dd33813a649e769d1a8345fe48c817cff7a9580a43e61c014",
  "pins" : [
    {
      "identity" : "swiftcommon",
      "kind" : "remoteSourceControl",
      "location" : "https://github.com/eternity6666/SwiftCommon",
      "state" : {
        "revision" : "164e1e0852986da781cd301e06ef9920d25fd993",
        "version" : "1.0.2"
      }
    }
  ],
  "version" : 3
}
